
Microsoft Visual Studio Solution File, Format Version 12.00
# Visual Studio Version 17
VisualStudioVersion = 17.6.33829.357
MinimumVisualStudioVersion = 10.0.40219.1
Project("{9A19103F-16F7-4668-BE54-9A1E7A4F7556}") = "AfnGuideAPI", "AfnGuideAPI\AfnGuideAPI.csproj", "{D51DB950-BC9B-414B-A3C4-8FA35A5023C7}"
EndProject
Project("{2150E333-8FDC-42A3-9474-1A3956D46DE8}") = "SqlScripts", "SqlScripts", "{F03D84CD-8B4D-4479-8803-BDA7EA5A92AC}"
	ProjectSection(SolutionItems) = preProject
		SqlScripts\sp_SearchSchedules.sql = SqlScripts\sp_SearchSchedules.sql
	EndProjectSection
EndProject
Project("{54A90642-561A-4BB1-A94E-469ADEE60C69}") = "reactproject1", "reactproject1\reactproject1.esproj", "{B4DE2DC6-8C8D-4866-95B0-951098ABB0B2}"
EndProject
Global
	GlobalSection(SolutionConfigurationPlatforms) = preSolution
		Debug|Any CPU = Debug|Any CPU
		Release|Any CPU = Release|Any CPU
	EndGlobalSection
	GlobalSection(ProjectConfigurationPlatforms) = postSolution
		{D51DB950-BC9B-414B-A3C4-8FA35A5023C7}.Debug|Any CPU.ActiveCfg = Debug|Any CPU
		{D51DB950-BC9B-414B-A3C4-8FA35A5023C7}.Debug|Any CPU.Build.0 = Debug|Any CPU
		{D51DB950-BC9B-414B-A3C4-8FA35A5023C7}.Release|Any CPU.ActiveCfg = Release|Any CPU
		{D51DB950-BC9B-414B-A3C4-8FA35A5023C7}.Release|Any CPU.Build.0 = Release|Any CPU
		{B4DE2DC6-8C8D-4866-95B0-951098ABB0B2}.Debug|Any CPU.ActiveCfg = Debug|Any CPU
		{B4DE2DC6-8C8D-4866-95B0-951098ABB0B2}.Debug|Any CPU.Build.0 = Debug|Any CPU
		{B4DE2DC6-8C8D-4866-95B0-951098ABB0B2}.Debug|Any CPU.Deploy.0 = Debug|Any CPU
		{B4DE2DC6-8C8D-4866-95B0-951098ABB0B2}.Release|Any CPU.ActiveCfg = Release|Any CPU
		{B4DE2DC6-8C8D-4866-95B0-951098ABB0B2}.Release|Any CPU.Build.0 = Release|Any CPU
		{B4DE2DC6-8C8D-4866-95B0-951098ABB0B2}.Release|Any CPU.Deploy.0 = Release|Any CPU
	EndGlobalSection
	GlobalSection(SolutionProperties) = preSolution
		HideSolutionNode = FALSE
	EndGlobalSection
	GlobalSection(ExtensibilityGlobals) = postSolution
		SolutionGuid = {E38834B0-6AA9-4CAF-9A0A-1532F636D2AD}
	EndGlobalSection
EndGlobal
